
Microsoft Visual Studio Solution File, Format Version 12.00
# Visual Studio 15
Project("{FAE04EC0-301F-11D3-BF4B-00C04F79EFBC}") = "Assembly-CSharp", "Assembly-CSharp.csproj", "{1CE199F2-F7D9-572C-4899-B4FF77098DC2}"
EndProject
Project("{FAE04EC0-301F-11D3-BF4B-00C04F79EFBC}") = "Assembly-CSharp-Editor", "Assembly-CSharp-Editor.csproj", "{6CA9DCC3-5244-0104-19E4-AB3D502E20FD}"
EndProject
Global
	GlobalSection(SolutionConfigurationPlatforms) = preSolution
		Debug|Any CPU = Debug|Any CPU
		Release|Any CPU = Release|Any CPU
	EndGlobalSection
	GlobalSection(ProjectConfigurationPlatforms) = postSolution
		{1CE199F2-F7D9-572C-4899-B4FF77098DC2}.Debug|Any CPU.ActiveCfg = Debug|Any CPU
		{1CE199F2-F7D9-572C-4899-B4FF77098DC2}.Debug|Any CPU.Build.0 = Debug|Any CPU
		{1CE199F2-F7D9-572C-4899-B4FF77098DC2}.Release|Any CPU.ActiveCfg = Release|Any CPU
		{1CE199F2-F7D9-572C-4899-B4FF77098DC2}.Release|Any CPU.Build.0 = Release|Any CPU
		{6CA9DCC3-5244-0104-19E4-AB3D502E20FD}.Debug|Any CPU.ActiveCfg = Debug|Any CPU
		{6CA9DCC3-5244-0104-19E4-AB3D502E20FD}.Debug|Any CPU.Build.0 = Debug|Any CPU
		{6CA9DCC3-5244-0104-19E4-AB3D502E20FD}.Release|Any CPU.ActiveCfg = Release|Any CPU
		{6CA9DCC3-5244-0104-19E4-AB3D502E20FD}.Release|Any CPU.Build.0 = Release|Any CPU
	EndGlobalSection
	GlobalSection(SolutionProperties) = preSolution
		HideSolutionNode = FALSE
	EndGlobalSection
EndGlobal
